
Microsoft Visual Studio Solution File, Format Version 12.00
# Visual Studio 14
VisualStudioVersion = 14.0.25123.0
MinimumVisualStudioVersion = 10.0.40219.1
Project("{8BC9CEB8-8B4A-11D0-8D11-00A0C91BC942}") = "292. Nim Game", "292. Nim Game\292. Nim Game.vcxproj", "{DB2A274B-73B2-444C-94B5-FB43C3D78BF0}"
EndProject
Project("{8BC9CEB8-8B4A-11D0-8D11-00A0C91BC942}") = "268. Missing Number", "268. Missing Number\268. Missing Number.vcxproj", "{3AE788E3-11D0-4FF7-AA0E-1F7B668F6E19}"
EndProject
Project("{8BC9CEB8-8B4A-11D0-8D11-00A0C91BC942}") = "125. Valid Palindrome", "125. Valid Palindrome\125. Valid Palindrome.vcxproj", "{06B2EB10-88A8-4327-9860-4A40360F2855}"
EndProject
Project("{8BC9CEB8-8B4A-11D0-8D11-00A0C91BC942}") = "338. Counting Bits", "338. Counting Bits\338. Counting Bits.vcxproj", "{4FA013A2-6963-4067-B688-242A39D913B0}"
EndProject
Project("{8BC9CEB8-8B4A-11D0-8D11-00A0C91BC942}") = "318. Maximum Product of Word Lengths", "318. Maximum Product of Word Lengths\318. Maximum Product of Word Lengths.vcxproj", "{AD50DF6A-4DB6-477C-AD14-76D0C7FC060F}"
EndProject
Project("{8BC9CEB8-8B4A-11D0-8D11-00A0C91BC942}") = "13. Roman to Integer", "13. Roman to Integer\13. Roman to Integer.vcxproj", "{7347107D-1AE3-4EDE-B511-A44D66DEAFFC}"
EndProject
Project("{8BC9CEB8-8B4A-11D0-8D11-00A0C91BC942}") = "12. Integer to Roman", "12. Integer to Roman\12. Integer to Roman.vcxproj", "{2F01D36B-406C-4EC4-91D2-FC82958B37E1}"
EndProject
Project("{8BC9CEB8-8B4A-11D0-8D11-00A0C91BC942}") = "35. Search Insert Position", "35. Search Insert Position\35. Search Insert Position.vcxproj", "{C3916F4C-D674-4EDF-BDE9-6FFCCDD98825}"
EndProject
Project("{8BC9CEB8-8B4A-11D0-8D11-00A0C91BC942}") = "22. Generate Parentheses", "22. Generate Parentheses\22. Generate Parentheses.vcxproj", "{828C3B2F-F6F6-4D1E-B9BB-6D6D56A2801C}"
EndProject
Project("{8BC9CEB8-8B4A-11D0-8D11-00A0C91BC942}") = "309. Best Time to Buy and Sell Stock with Cooldown", "309. Best Time to Buy and Sell Stock with Cooldown\309. Best Time to Buy and Sell Stock with Cooldown.vcxproj", "{678D03FB-6588-4642-85FC-F6C926AE7035}"
EndProject
Project("{8BC9CEB8-8B4A-11D0-8D11-00A0C91BC942}") = "263. Ugly Number", "263. Ugly Number\263. Ugly Number.vcxproj", "{ED3F6826-624D-41AD-B82A-445DA7F7839C}"
EndProject
Project("{8BC9CEB8-8B4A-11D0-8D11-00A0C91BC942}") = "202. Happy Number", "202. Happy Number\202. Happy Number.vcxproj", "{6514794D-D78B-4D2F-B25B-80819723590B}"
EndProject
Project("{8BC9CEB8-8B4A-11D0-8D11-00A0C91BC942}") = "343. Integer Break", "343. Integer Break\343. Integer Break.vcxproj", "{2777CB78-9A11-43D8-9E9F-D2E45FCBA3D4}"
EndProject
Project("{8BC9CEB8-8B4A-11D0-8D11-00A0C91BC942}") = "326. Power of Three", "326. Power of Three\326. Power of Three.vcxproj", "{B0964510-C4B1-438F-8B87-11D84B512B09}"
EndProject
Project("{8BC9CEB8-8B4A-11D0-8D11-00A0C91BC942}") = "231. Power of Two", "231. Power of Two\231. Power of Two.vcxproj", "{831EAF31-E020-485E-8877-ECD7B2DA3F79}"
EndProject
Project("{8BC9CEB8-8B4A-11D0-8D11-00A0C91BC942}") = "313. Super Ugly Number", "313. Super Ugly Number\313. Super Ugly Number.vcxproj", "{13756830-0153-4C1C-8890-7B2DA20B81F4}"
EndProject
Project("{8BC9CEB8-8B4A-11D0-8D11-00A0C91BC942}") = "237. Delete Node in a Linked List", "237. Delete Node in a Linked List\237. Delete Node in a Linked List.vcxproj", "{A778156F-11F5-45E0-831E-5271BFB330FE}"
EndProject
Project("{8BC9CEB8-8B4A-11D0-8D11-00A0C91BC942}") = "206. Reverse Linked List", "206. Reverse Linked List\206. Reverse Linked List.vcxproj", "{9A35877D-D0BA-43C4-A7A2-60481621E6E9}"
EndProject
Project("{8BC9CEB8-8B4A-11D0-8D11-00A0C91BC942}") = "328. Odd Even Linked List", "328. Odd Even Linked List\328. Odd Even Linked List.vcxproj", "{1D3604E0-B3FB-40D6-B9C8-3878DF815F2C}"
EndProject
Project("{8BC9CEB8-8B4A-11D0-8D11-00A0C91BC942}") = "83. Remove Duplicates from Sorted List", "83. Remove Duplicates from Sorted List\83. Remove Duplicates from Sorted List.vcxproj", "{4718F9F1-FF3F-4790-8BC7-8ABBF7930AE8}"
EndProject
Project("{8BC9CEB8-8B4A-11D0-8D11-00A0C91BC942}") = "141. Linked List Cycle", "141. Linked List Cycle\141. Linked List Cycle.vcxproj", "{A40C8C38-AE61-4A73-9DD4-86E06F8D5C6C}"
EndProject
Project("{8BC9CEB8-8B4A-11D0-8D11-00A0C91BC942}") = "21. Merge Two Sorted Lists", "21. Merge Two Sorted Lists\21. Merge Two Sorted Lists.vcxproj", "{EB94596F-468E-4D72-878B-B31A24D85938}"
EndProject
Project("{8BC9CEB8-8B4A-11D0-8D11-00A0C91BC942}") = "24. Swap Nodes in Pairs", "24. Swap Nodes in Pairs\24. Swap Nodes in Pairs.vcxproj", "{379377F6-DB2B-4D7F-9FDE-14EDDB01AD70}"
EndProject
Project("{8BC9CEB8-8B4A-11D0-8D11-00A0C91BC942}") = "142. Linked List Cycle II", "142. Linked List Cycle II\142. Linked List Cycle II.vcxproj", "{18137699-0422-49AD-A803-C3B6DC0A2677}"
EndProject
Project("{8BC9CEB8-8B4A-11D0-8D11-00A0C91BC942}") = "160. Intersection of Two Linked Lists", "160. Intersection of Two Linked Lists\160. Intersection of Two Linked Lists.vcxproj", "{3705B94D-FE24-413F-984F-76542D001A9D}"
EndProject
Project("{8BC9CEB8-8B4A-11D0-8D11-00A0C91BC942}") = "19. Remove Nth Node From End of List", "19. Remove Nth Node From End of List\19. Remove Nth Node From End of List.vcxproj", "{AAD8E3A8-3ABF-495F-97A8-BD2B83C1F9A7}"
EndProject
Project("{8BC9CEB8-8B4A-11D0-8D11-00A0C91BC942}") = "109. Convert Sorted List to Binary Search Tree", "109. Convert Sorted List to Binary Search Tree\109. Convert Sorted List to Binary Search Tree.vcxproj", "{74CD750C-BFED-468F-9612-DA150833A0A7}"
EndProject
Project("{8BC9CEB8-8B4A-11D0-8D11-00A0C91BC942}") = "86. Partition List", "86. Partition List\86. Partition List.vcxproj", "{943FED02-2AD6-412B-AD80-59485DC8ACC9}"
EndProject
Project("{8BC9CEB8-8B4A-11D0-8D11-00A0C91BC942}") = "147. Insertion Sort List", "147. Insertion Sort List\147. Insertion Sort List.vcxproj", "{19E4C5AC-E70B-4B65-9C37-A39211202EF7}"
EndProject
Project("{8BC9CEB8-8B4A-11D0-8D11-00A0C91BC942}") = "203. Remove Linked List Elements", "203. Remove Linked List Elements\203. Remove Linked List Elements.vcxproj", "{F8AB8FCD-64E9-453C-8CD9-82A91FF820A3}"
EndProject
Project("{8BC9CEB8-8B4A-11D0-8D11-00A0C91BC942}") = "234. Palindrome Linked List", "234. Palindrome Linked List\234. Palindrome Linked List.vcxproj", "{2F55B04B-FB75-47C5-84C8-E276D82A133E}"
EndProject
Project("{8BC9CEB8-8B4A-11D0-8D11-00A0C91BC942}") = "92. Reverse Linked List II", "92. Reverse Linked List II\92. Reverse Linked List II.vcxproj", "{8D673E01-28A4-4787-8E29-2F0D2CE1C96B}"
EndProject
Project("{8BC9CEB8-8B4A-11D0-8D11-00A0C91BC942}") = "25. Reverse Nodes in k-Group", "25. Reverse Nodes in k-Group\25. Reverse Nodes in k-Group.vcxproj", "{C566646D-799E-4A59-B162-965A15CC284D}"
EndProject
Project("{8BC9CEB8-8B4A-11D0-8D11-00A0C91BC942}") = "82. Remove Duplicates from Sorted List II", "82. Remove Duplicates from Sorted List II\82. Remove Duplicates from Sorted List II.vcxproj", "{F20E26FF-BCD1-4CA6-9D97-5A26A0EC4CA8}"
EndProject
Project("{8BC9CEB8-8B4A-11D0-8D11-00A0C91BC942}") = "138. Copy List with Random Pointer", "138. Copy List with Random Pointer\138. Copy List with Random Pointer.vcxproj", "{BA287741-3501-4B31-98E8-96F9618303E8}"
EndProject
Project("{8BC9CEB8-8B4A-11D0-8D11-00A0C91BC942}") = "143. Reorder List", "143. Reorder List\143. Reorder List.vcxproj", "{E207C16F-50C3-4672-AB4A-F7DD416AED70}"
EndProject
Project("{8BC9CEB8-8B4A-11D0-8D11-00A0C91BC942}") = "61. Rotate List", "61. Rotate List\61. Rotate List.vcxproj", "{F9A24228-C148-487B-A1AB-7E0699DE90EE}"
EndProject
Project("{8BC9CEB8-8B4A-11D0-8D11-00A0C91BC942}") = "2. Add Two Numbers", "2. Add Two Numbers\2. Add Two Numbers.vcxproj", "{791874AD-8686-4583-9CC4-31783E02E81E}"
EndProject
Project("{8BC9CEB8-8B4A-11D0-8D11-00A0C91BC942}") = "148. Sort List", "148. Sort List\148. Sort List.vcxproj", "{14008230-953E-489E-BF32-4F96A141CFC2}"
EndProject
Project("{8BC9CEB8-8B4A-11D0-8D11-00A0C91BC942}") = "23. Merge k Sorted Lists", "23. Merge k Sorted Lists\23. Merge k Sorted Lists.vcxproj", "{6F580BF7-752C-4DD2-9DC4-23735AE9797B}"
EndProject
Project("{8BC9CEB8-8B4A-11D0-8D11-00A0C91BC942}") = "349. Intersection of Two Arrays", "349. Intersection of Two Arrays\349. Intersection of Two Arrays.vcxproj", "{7DF72310-B8CA-4BE1-8FB6-9D91830DC91E}"
EndProject
Project("{8BC9CEB8-8B4A-11D0-8D11-00A0C91BC942}") = "350. Intersection of Two Arrays II", "350. Intersection of Two Arrays II\350. Intersection of Two Arrays II.vcxproj", "{27D2A014-FBC7-4945-8761-1C694F58E04D}"
EndProject
Project("{8BC9CEB8-8B4A-11D0-8D11-00A0C91BC942}") = "75. Sort Colors", "75. Sort Colors\75. Sort Colors.vcxproj", "{5620950C-7675-43BC-B322-98CD4CD7F355}"
EndProject
Project("{8BC9CEB8-8B4A-11D0-8D11-00A0C91BC942}") = "274. H-Index", "274. H-Index\274. H-Index.vcxproj", "{BDA6317F-7449-4A00-BFF9-BA1205678CA3}"
EndProject
Project("{8BC9CEB8-8B4A-11D0-8D11-00A0C91BC942}") = "164. Maximum Gap", "164. Maximum Gap\164. Maximum Gap.vcxproj", "{EC54CCBF-A767-4D29-BD1D-39CB1185695F}"
EndProject
Project("{8BC9CEB8-8B4A-11D0-8D11-00A0C91BC942}") = "56. Merge Intervals", "56. Merge Intervals\56. Merge Intervals.vcxproj", "{C6D2A611-EF97-46D4-9ACD-FEE4F05D4C65}"
EndProject
Project("{8BC9CEB8-8B4A-11D0-8D11-00A0C91BC942}") = "57. Insert Interval", "57. Insert Interval\57. Insert Interval.vcxproj", "{EC41997E-FF20-44FE-AFEC-2D26F8CA6D6A}"
EndProject
Project("{8BC9CEB8-8B4A-11D0-8D11-00A0C91BC942}") = "324. Wiggle Sort II", "324. Wiggle Sort II\324. Wiggle Sort II.vcxproj", "{A44A7A56-F57C-408F-894D-27B091059149}"
EndProject
Project("{8BC9CEB8-8B4A-11D0-8D11-00A0C91BC942}") = "179. Largest Number", "179. Largest Number\179. Largest Number.vcxproj", "{ABDF411F-8D3B-46B6-99F4-E192D0A09429}"
EndProject
Project("{8BC9CEB8-8B4A-11D0-8D11-00A0C91BC942}") = "144. Binary Tree Preorder Traversal", "144. Binary Tree Preorder Traversal\144. Binary Tree Preorder Traversal.vcxproj", "{E0F46AFE-3388-43F0-B80A-BF922BA72667}"
EndProject
Project("{8BC9CEB8-8B4A-11D0-8D11-00A0C91BC942}") = "94. Binary Tree Inorder Traversal", "94. Binary Tree Inorder Traversal\94. Binary Tree Inorder Traversal.vcxproj", "{F74E6650-EBFE-43BF-87D5-84C5F7C18327}"
EndProject
Project("{8BC9CEB8-8B4A-11D0-8D11-00A0C91BC942}") = "145. Binary Tree Postorder Traversal", "145. Binary Tree Postorder Traversal\145. Binary Tree Postorder Traversal.vcxproj", "{441ED18F-8F7F-483F-AC8C-22374F2CA910}"
EndProject
Project("{8BC9CEB8-8B4A-11D0-8D11-00A0C91BC942}") = "173. Binary Search Tree Iterator", "173. Binary Search Tree Iterator\173. Binary Search Tree Iterator.vcxproj", "{7AAB0B98-BDB1-4539-9D73-B2E28D29106E}"
EndProject
Project("{8BC9CEB8-8B4A-11D0-8D11-00A0C91BC942}") = "232. Implement Queue using Stacks", "232. Implement Queue using Stacks\232. Implement Queue using Stacks.vcxproj", "{2963D1EE-9408-425D-8265-5EBED3D0FDE2}"
EndProject
Project("{8BC9CEB8-8B4A-11D0-8D11-00A0C91BC942}") = "42. Trapping Rain Water", "42. Trapping Rain Water\42. Trapping Rain Water.vcxproj", "{6FCB2935-9313-410D-8CDF-213DF7A9C321}"
EndProject
Global
	GlobalSection(SolutionConfigurationPlatforms) = preSolution
		Debug|x64 = Debug|x64
		Debug|x86 = Debug|x86
		Release|x64 = Release|x64
		Release|x86 = Release|x86
	EndGlobalSection
	GlobalSection(ProjectConfigurationPlatforms) = postSolution
		{DB2A274B-73B2-444C-94B5-FB43C3D78BF0}.Debug|x64.ActiveCfg = Debug|x64
		{DB2A274B-73B2-444C-94B5-FB43C3D78BF0}.Debug|x64.Build.0 = Debug|x64
		{DB2A274B-73B2-444C-94B5-FB43C3D78BF0}.Debug|x86.ActiveCfg = Debug|Win32
		{DB2A274B-73B2-444C-94B5-FB43C3D78BF0}.Debug|x86.Build.0 = Debug|Win32
		{DB2A274B-73B2-444C-94B5-FB43C3D78BF0}.Release|x64.ActiveCfg = Release|x64
		{DB2A274B-73B2-444C-94B5-FB43C3D78BF0}.Release|x64.Build.0 = Release|x64
		{DB2A274B-73B2-444C-94B5-FB43C3D78BF0}.Release|x86.ActiveCfg = Release|Win32
		{DB2A274B-73B2-444C-94B5-FB43C3D78BF0}.Release|x86.Build.0 = Release|Win32
		{3AE788E3-11D0-4FF7-AA0E-1F7B668F6E19}.Debug|x64.ActiveCfg = Debug|x64
		{3AE788E3-11D0-4FF7-AA0E-1F7B668F6E19}.Debug|x64.Build.0 = Debug|x64
		{3AE788E3-11D0-4FF7-AA0E-1F7B668F6E19}.Debug|x86.ActiveCfg = Debug|Win32
		{3AE788E3-11D0-4FF7-AA0E-1F7B668F6E19}.Debug|x86.Build.0 = Debug|Win32
		{3AE788E3-11D0-4FF7-AA0E-1F7B668F6E19}.Release|x64.ActiveCfg = Release|x64
		{3AE788E3-11D0-4FF7-AA0E-1F7B668F6E19}.Release|x64.Build.0 = Release|x64
		{3AE788E3-11D0-4FF7-AA0E-1F7B668F6E19}.Release|x86.ActiveCfg = Release|Win32
		{3AE788E3-11D0-4FF7-AA0E-1F7B668F6E19}.Release|x86.Build.0 = Release|Win32
		{06B2EB10-88A8-4327-9860-4A40360F2855}.Debug|x64.ActiveCfg = Debug|x64
		{06B2EB10-88A8-4327-9860-4A40360F2855}.Debug|x64.Build.0 = Debug|x64
		{06B2EB10-88A8-4327-9860-4A40360F2855}.Debug|x86.ActiveCfg = Debug|Win32
		{06B2EB10-88A8-4327-9860-4A40360F2855}.Debug|x86.Build.0 = Debug|Win32
		{06B2EB10-88A8-4327-9860-4A40360F2855}.Release|x64.ActiveCfg = Release|x64
		{06B2EB10-88A8-4327-9860-4A40360F2855}.Release|x64.Build.0 = Release|x64
		{06B2EB10-88A8-4327-9860-4A40360F2855}.Release|x86.ActiveCfg = Release|Win32
		{06B2EB10-88A8-4327-9860-4A40360F2855}.Release|x86.Build.0 = Release|Win32
		{4FA013A2-6963-4067-B688-242A39D913B0}.Debug|x64.ActiveCfg = Debug|x64
		{4FA013A2-6963-4067-B688-242A39D913B0}.Debug|x64.Build.0 = Debug|x64
		{4FA013A2-6963-4067-B688-242A39D913B0}.Debug|x86.ActiveCfg = Debug|Win32
		{4FA013A2-6963-4067-B688-242A39D913B0}.Debug|x86.Build.0 = Debug|Win32
		{4FA013A2-6963-4067-B688-242A39D913B0}.Release|x64.ActiveCfg = Release|x64
		{4FA013A2-6963-4067-B688-242A39D913B0}.Release|x64.Build.0 = Release|x64
		{4FA013A2-6963-4067-B688-242A39D913B0}.Release|x86.ActiveCfg = Release|Win32
		{4FA013A2-6963-4067-B688-242A39D913B0}.Release|x86.Build.0 = Release|Win32
		{AD50DF6A-4DB6-477C-AD14-76D0C7FC060F}.Debug|x64.ActiveCfg = Debug|x64
		{AD50DF6A-4DB6-477C-AD14-76D0C7FC060F}.Debug|x64.Build.0 = Debug|x64
		{AD50DF6A-4DB6-477C-AD14-76D0C7FC060F}.Debug|x86.ActiveCfg = Debug|Win32
		{AD50DF6A-4DB6-477C-AD14-76D0C7FC060F}.Debug|x86.Build.0 = Debug|Win32
		{AD50DF6A-4DB6-477C-AD14-76D0C7FC060F}.Release|x64.ActiveCfg = Release|x64
		{AD50DF6A-4DB6-477C-AD14-76D0C7FC060F}.Release|x64.Build.0 = Release|x64
		{AD50DF6A-4DB6-477C-AD14-76D0C7FC060F}.Release|x86.ActiveCfg = Release|Win32
		{AD50DF6A-4DB6-477C-AD14-76D0C7FC060F}.Release|x86.Build.0 = Release|Win32
		{7347107D-1AE3-4EDE-B511-A44D66DEAFFC}.Debug|x64.ActiveCfg = Debug|x64
		{7347107D-1AE3-4EDE-B511-A44D66DEAFFC}.Debug|x64.Build.0 = Debug|x64
		{7347107D-1AE3-4EDE-B511-A44D66DEAFFC}.Debug|x86.ActiveCfg = Debug|Win32
		{7347107D-1AE3-4EDE-B511-A44D66DEAFFC}.Debug|x86.Build.0 = Debug|Win32
		{7347107D-1AE3-4EDE-B511-A44D66DEAFFC}.Release|x64.ActiveCfg = Release|x64
		{7347107D-1AE3-4EDE-B511-A44D66DEAFFC}.Release|x64.Build.0 = Release|x64
		{7347107D-1AE3-4EDE-B511-A44D66DEAFFC}.Release|x86.ActiveCfg = Release|Win32
		{7347107D-1AE3-4EDE-B511-A44D66DEAFFC}.Release|x86.Build.0 = Release|Win32
		{2F01D36B-406C-4EC4-91D2-FC82958B37E1}.Debug|x64.ActiveCfg = Debug|x64
		{2F01D36B-406C-4EC4-91D2-FC82958B37E1}.Debug|x64.Build.0 = Debug|x64
		{2F01D36B-406C-4EC4-91D2-FC82958B37E1}.Debug|x86.ActiveCfg = Debug|Win32
		{2F01D36B-406C-4EC4-91D2-FC82958B37E1}.Debug|x86.Build.0 = Debug|Win32
		{2F01D36B-406C-4EC4-91D2-FC82958B37E1}.Release|x64.ActiveCfg = Release|x64
		{2F01D36B-406C-4EC4-91D2-FC82958B37E1}.Release|x64.Build.0 = Release|x64
		{2F01D36B-406C-4EC4-91D2-FC82958B37E1}.Release|x86.ActiveCfg = Release|Win32
		{2F01D36B-406C-4EC4-91D2-FC82958B37E1}.Release|x86.Build.0 = Release|Win32
		{C3916F4C-D674-4EDF-BDE9-6FFCCDD98825}.Debug|x64.ActiveCfg = Debug|x64
		{C3916F4C-D674-4EDF-BDE9-6FFCCDD98825}.Debug|x64.Build.0 = Debug|x64
		{C3916F4C-D674-4EDF-BDE9-6FFCCDD98825}.Debug|x86.ActiveCfg = Debug|Win32
		{C3916F4C-D674-4EDF-BDE9-6FFCCDD98825}.Debug|x86.Build.0 = Debug|Win32
		{C3916F4C-D674-4EDF-BDE9-6FFCCDD98825}.Release|x64.ActiveCfg = Release|x64
		{C3916F4C-D674-4EDF-BDE9-6FFCCDD98825}.Release|x64.Build.0 = Release|x64
		{C3916F4C-D674-4EDF-BDE9-6FFCCDD98825}.Release|x86.ActiveCfg = Release|Win32
		{C3916F4C-D674-4EDF-BDE9-6FFCCDD98825}.Release|x86.Build.0 = Release|Win32
		{828C3B2F-F6F6-4D1E-B9BB-6D6D56A2801C}.Debug|x64.ActiveCfg = Debug|x64
		{828C3B2F-F6F6-4D1E-B9BB-6D6D56A2801C}.Debug|x64.Build.0 = Debug|x64
		{828C3B2F-F6F6-4D1E-B9BB-6D6D56A2801C}.Debug|x86.ActiveCfg = Debug|Win32
		{828C3B2F-F6F6-4D1E-B9BB-6D6D56A2801C}.Debug|x86.Build.0 = Debug|Win32
		{828C3B2F-F6F6-4D1E-B9BB-6D6D56A2801C}.Release|x64.ActiveCfg = Release|x64
		{828C3B2F-F6F6-4D1E-B9BB-6D6D56A2801C}.Release|x64.Build.0 = Release|x64
		{828C3B2F-F6F6-4D1E-B9BB-6D6D56A2801C}.Release|x86.ActiveCfg = Release|Win32
		{828C3B2F-F6F6-4D1E-B9BB-6D6D56A2801C}.Release|x86.Build.0 = Release|Win32
		{678D03FB-6588-4642-85FC-F6C926AE7035}.Debug|x64.ActiveCfg = Debug|x64
		{678D03FB-6588-4642-85FC-F6C926AE7035}.Debug|x64.Build.0 = Debug|x64
		{678D03FB-6588-4642-85FC-F6C926AE7035}.Debug|x86.ActiveCfg = Debug|Win32
		{678D03FB-6588-4642-85FC-F6C926AE7035}.Debug|x86.Build.0 = Debug|Win32
		{678D03FB-6588-4642-85FC-F6C926AE7035}.Release|x64.ActiveCfg = Release|x64
		{678D03FB-6588-4642-85FC-F6C926AE7035}.Release|x64.Build.0 = Release|x64
		{678D03FB-6588-4642-85FC-F6C926AE7035}.Release|x86.ActiveCfg = Release|Win32
		{678D03FB-6588-4642-85FC-F6C926AE7035}.Release|x86.Build.0 = Release|Win32
		{ED3F6826-624D-41AD-B82A-445DA7F7839C}.Debug|x64.ActiveCfg = Debug|x64
		{ED3F6826-624D-41AD-B82A-445DA7F7839C}.Debug|x64.Build.0 = Debug|x64
		{ED3F6826-624D-41AD-B82A-445DA7F7839C}.Debug|x86.ActiveCfg = Debug|Win32
		{ED3F6826-624D-41AD-B82A-445DA7F7839C}.Debug|x86.Build.0 = Debug|Win32
		{ED3F6826-624D-41AD-B82A-445DA7F7839C}.Release|x64.ActiveCfg = Release|x64
		{ED3F6826-624D-41AD-B82A-445DA7F7839C}.Release|x64.Build.0 = Release|x64
		{ED3F6826-624D-41AD-B82A-445DA7F7839C}.Release|x86.ActiveCfg = Release|Win32
		{ED3F6826-624D-41AD-B82A-445DA7F7839C}.Release|x86.Build.0 = Release|Win32
		{6514794D-D78B-4D2F-B25B-80819723590B}.Debug|x64.ActiveCfg = Debug|x64
		{6514794D-D78B-4D2F-B25B-80819723590B}.Debug|x64.Build.0 = Debug|x64
		{6514794D-D78B-4D2F-B25B-80819723590B}.Debug|x86.ActiveCfg = Debug|Win32
		{6514794D-D78B-4D2F-B25B-80819723590B}.Debug|x86.Build.0 = Debug|Win32
		{6514794D-D78B-4D2F-B25B-80819723590B}.Release|x64.ActiveCfg = Release|x64
		{6514794D-D78B-4D2F-B25B-80819723590B}.Release|x64.Build.0 = Release|x64
		{6514794D-D78B-4D2F-B25B-80819723590B}.Release|x86.ActiveCfg = Release|Win32
		{6514794D-D78B-4D2F-B25B-80819723590B}.Release|x86.Build.0 = Release|Win32
		{2777CB78-9A11-43D8-9E9F-D2E45FCBA3D4}.Debug|x64.ActiveCfg = Debug|x64
		{2777CB78-9A11-43D8-9E9F-D2E45FCBA3D4}.Debug|x64.Build.0 = Debug|x64
		{2777CB78-9A11-43D8-9E9F-D2E45FCBA3D4}.Debug|x86.ActiveCfg = Debug|Win32
		{2777CB78-9A11-43D8-9E9F-D2E45FCBA3D4}.Debug|x86.Build.0 = Debug|Win32
		{2777CB78-9A11-43D8-9E9F-D2E45FCBA3D4}.Release|x64.ActiveCfg = Release|x64
		{2777CB78-9A11-43D8-9E9F-D2E45FCBA3D4}.Release|x64.Build.0 = Release|x64
		{2777CB78-9A11-43D8-9E9F-D2E45FCBA3D4}.Release|x86.ActiveCfg = Release|Win32
		{2777CB78-9A11-43D8-9E9F-D2E45FCBA3D4}.Release|x86.Build.0 = Release|Win32
		{B0964510-C4B1-438F-8B87-11D84B512B09}.Debug|x64.ActiveCfg = Debug|x64
		{B0964510-C4B1-438F-8B87-11D84B512B09}.Debug|x64.Build.0 = Debug|x64
		{B0964510-C4B1-438F-8B87-11D84B512B09}.Debug|x86.ActiveCfg = Debug|Win32
		{B0964510-C4B1-438F-8B87-11D84B512B09}.Debug|x86.Build.0 = Debug|Win32
		{B0964510-C4B1-438F-8B87-11D84B512B09}.Release|x64.ActiveCfg = Release|x64
		{B0964510-C4B1-438F-8B87-11D84B512B09}.Release|x64.Build.0 = Release|x64
		{B0964510-C4B1-438F-8B87-11D84B512B09}.Release|x86.ActiveCfg = Release|Win32
		{B0964510-C4B1-438F-8B87-11D84B512B09}.Release|x86.Build.0 = Release|Win32
		{831EAF31-E020-485E-8877-ECD7B2DA3F79}.Debug|x64.ActiveCfg = Debug|x64
		{831EAF31-E020-485E-8877-ECD7B2DA3F79}.Debug|x64.Build.0 = Debug|x64
		{831EAF31-E020-485E-8877-ECD7B2DA3F79}.Debug|x86.ActiveCfg = Debug|Win32
		{831EAF31-E020-485E-8877-ECD7B2DA3F79}.Debug|x86.Build.0 = Debug|Win32
		{831EAF31-E020-485E-8877-ECD7B2DA3F79}.Release|x64.ActiveCfg = Release|x64
		{831EAF31-E020-485E-8877-ECD7B2DA3F79}.Release|x64.Build.0 = Release|x64
		{831EAF31-E020-485E-8877-ECD7B2DA3F79}.Release|x86.ActiveCfg = Release|Win32
		{831EAF31-E020-485E-8877-ECD7B2DA3F79}.Release|x86.Build.0 = Release|Win32
		{13756830-0153-4C1C-8890-7B2DA20B81F4}.Debug|x64.ActiveCfg = Debug|x64
		{13756830-0153-4C1C-8890-7B2DA20B81F4}.Debug|x64.Build.0 = Debug|x64
		{13756830-0153-4C1C-8890-7B2DA20B81F4}.Debug|x86.ActiveCfg = Debug|Win32
		{13756830-0153-4C1C-8890-7B2DA20B81F4}.Debug|x86.Build.0 = Debug|Win32
		{13756830-0153-4C1C-8890-7B2DA20B81F4}.Release|x64.ActiveCfg = Release|x64
		{13756830-0153-4C1C-8890-7B2DA20B81F4}.Release|x64.Build.0 = Release|x64
		{13756830-0153-4C1C-8890-7B2DA20B81F4}.Release|x86.ActiveCfg = Release|Win32
		{13756830-0153-4C1C-8890-7B2DA20B81F4}.Release|x86.Build.0 = Release|Win32
		{A778156F-11F5-45E0-831E-5271BFB330FE}.Debug|x64.ActiveCfg = Debug|x64
		{A778156F-11F5-45E0-831E-5271BFB330FE}.Debug|x64.Build.0 = Debug|x64
		{A778156F-11F5-45E0-831E-5271BFB330FE}.Debug|x86.ActiveCfg = Debug|Win32
		{A778156F-11F5-45E0-831E-5271BFB330FE}.Debug|x86.Build.0 = Debug|Win32
		{A778156F-11F5-45E0-831E-5271BFB330FE}.Release|x64.ActiveCfg = Release|x64
		{A778156F-11F5-45E0-831E-5271BFB330FE}.Release|x64.Build.0 = Release|x64
		{A778156F-11F5-45E0-831E-5271BFB330FE}.Release|x86.ActiveCfg = Release|Win32
		{A778156F-11F5-45E0-831E-5271BFB330FE}.Release|x86.Build.0 = Release|Win32
		{9A35877D-D0BA-43C4-A7A2-60481621E6E9}.Debug|x64.ActiveCfg = Debug|x64
		{9A35877D-D0BA-43C4-A7A2-60481621E6E9}.Debug|x64.Build.0 = Debug|x64
		{9A35877D-D0BA-43C4-A7A2-60481621E6E9}.Debug|x86.ActiveCfg = Debug|Win32
		{9A35877D-D0BA-43C4-A7A2-60481621E6E9}.Debug|x86.Build.0 = Debug|Win32
		{9A35877D-D0BA-43C4-A7A2-60481621E6E9}.Release|x64.ActiveCfg = Release|x64
		{9A35877D-D0BA-43C4-A7A2-60481621E6E9}.Release|x64.Build.0 = Release|x64
		{9A35877D-D0BA-43C4-A7A2-60481621E6E9}.Release|x86.ActiveCfg = Release|Win32
		{9A35877D-D0BA-43C4-A7A2-60481621E6E9}.Release|x86.Build.0 = Release|Win32
		{1D3604E0-B3FB-40D6-B9C8-3878DF815F2C}.Debug|x64.ActiveCfg = Debug|x64
		{1D3604E0-B3FB-40D6-B9C8-3878DF815F2C}.Debug|x64.Build.0 = Debug|x64
		{1D3604E0-B3FB-40D6-B9C8-3878DF815F2C}.Debug|x86.ActiveCfg = Debug|Win32
		{1D3604E0-B3FB-40D6-B9C8-3878DF815F2C}.Debug|x86.Build.0 = Debug|Win32
		{1D3604E0-B3FB-40D6-B9C8-3878DF815F2C}.Release|x64.ActiveCfg = Release|x64
		{1D3604E0-B3FB-40D6-B9C8-3878DF815F2C}.Release|x64.Build.0 = Release|x64
		{1D3604E0-B3FB-40D6-B9C8-3878DF815F2C}.Release|x86.ActiveCfg = Release|Win32
		{1D3604E0-B3FB-40D6-B9C8-3878DF815F2C}.Release|x86.Build.0 = Release|Win32
		{4718F9F1-FF3F-4790-8BC7-8ABBF7930AE8}.Debug|x64.ActiveCfg = Debug|x64
		{4718F9F1-FF3F-4790-8BC7-8ABBF7930AE8}.Debug|x64.Build.0 = Debug|x64
		{4718F9F1-FF3F-4790-8BC7-8ABBF7930AE8}.Debug|x86.ActiveCfg = Debug|Win32
		{4718F9F1-FF3F-4790-8BC7-8ABBF7930AE8}.Debug|x86.Build.0 = Debug|Win32
		{4718F9F1-FF3F-4790-8BC7-8ABBF7930AE8}.Release|x64.ActiveCfg = Release|x64
		{4718F9F1-FF3F-4790-8BC7-8ABBF7930AE8}.Release|x64.Build.0 = Release|x64
		{4718F9F1-FF3F-4790-8BC7-8ABBF7930AE8}.Release|x86.ActiveCfg = Release|Win32
		{4718F9F1-FF3F-4790-8BC7-8ABBF7930AE8}.Release|x86.Build.0 = Release|Win32
		{A40C8C38-AE61-4A73-9DD4-86E06F8D5C6C}.Debug|x64.ActiveCfg = Debug|x64
		{A40C8C38-AE61-4A73-9DD4-86E06F8D5C6C}.Debug|x64.Build.0 = Debug|x64
		{A40C8C38-AE61-4A73-9DD4-86E06F8D5C6C}.Debug|x86.ActiveCfg = Debug|Win32
		{A40C8C38-AE61-4A73-9DD4-86E06F8D5C6C}.Debug|x86.Build.0 = Debug|Win32
		{A40C8C38-AE61-4A73-9DD4-86E06F8D5C6C}.Release|x64.ActiveCfg = Release|x64
		{A40C8C38-AE61-4A73-9DD4-86E06F8D5C6C}.Release|x64.Build.0 = Release|x64
		{A40C8C38-AE61-4A73-9DD4-86E06F8D5C6C}.Release|x86.ActiveCfg = Release|Win32
		{A40C8C38-AE61-4A73-9DD4-86E06F8D5C6C}.Release|x86.Build.0 = Release|Win32
		{EB94596F-468E-4D72-878B-B31A24D85938}.Debug|x64.ActiveCfg = Debug|x64
		{EB94596F-468E-4D72-878B-B31A24D85938}.Debug|x64.Build.0 = Debug|x64
		{EB94596F-468E-4D72-878B-B31A24D85938}.Debug|x86.ActiveCfg = Debug|Win32
		{EB94596F-468E-4D72-878B-B31A24D85938}.Debug|x86.Build.0 = Debug|Win32
		{EB94596F-468E-4D72-878B-B31A24D85938}.Release|x64.ActiveCfg = Release|x64
		{EB94596F-468E-4D72-878B-B31A24D85938}.Release|x64.Build.0 = Release|x64
		{EB94596F-468E-4D72-878B-B31A24D85938}.Release|x86.ActiveCfg = Release|Win32
		{EB94596F-468E-4D72-878B-B31A24D85938}.Release|x86.Build.0 = Release|Win32
		{379377F6-DB2B-4D7F-9FDE-14EDDB01AD70}.Debug|x64.ActiveCfg = Debug|x64
		{379377F6-DB2B-4D7F-9FDE-14EDDB01AD70}.Debug|x64.Build.0 = Debug|x64
		{379377F6-DB2B-4D7F-9FDE-14EDDB01AD70}.Debug|x86.ActiveCfg = Debug|Win32
		{379377F6-DB2B-4D7F-9FDE-14EDDB01AD70}.Debug|x86.Build.0 = Debug|Win32
		{379377F6-DB2B-4D7F-9FDE-14EDDB01AD70}.Release|x64.ActiveCfg = Release|x64
		{379377F6-DB2B-4D7F-9FDE-14EDDB01AD70}.Release|x64.Build.0 = Release|x64
		{379377F6-DB2B-4D7F-9FDE-14EDDB01AD70}.Release|x86.ActiveCfg = Release|Win32
		{379377F6-DB2B-4D7F-9FDE-14EDDB01AD70}.Release|x86.Build.0 = Release|Win32
		{18137699-0422-49AD-A803-C3B6DC0A2677}.Debug|x64.ActiveCfg = Debug|x64
		{18137699-0422-49AD-A803-C3B6DC0A2677}.Debug|x64.Build.0 = Debug|x64
		{18137699-0422-49AD-A803-C3B6DC0A2677}.Debug|x86.ActiveCfg = Debug|Win32
		{18137699-0422-49AD-A803-C3B6DC0A2677}.Debug|x86.Build.0 = Debug|Win32
		{18137699-0422-49AD-A803-C3B6DC0A2677}.Release|x64.ActiveCfg = Release|x64
		{18137699-0422-49AD-A803-C3B6DC0A2677}.Release|x64.Build.0 = Release|x64
		{18137699-0422-49AD-A803-C3B6DC0A2677}.Release|x86.ActiveCfg = Release|Win32
		{18137699-0422-49AD-A803-C3B6DC0A2677}.Release|x86.Build.0 = Release|Win32
		{3705B94D-FE24-413F-984F-76542D001A9D}.Debug|x64.ActiveCfg = Debug|x64
		{3705B94D-FE24-413F-984F-76542D001A9D}.Debug|x64.Build.0 = Debug|x64
		{3705B94D-FE24-413F-984F-76542D001A9D}.Debug|x86.ActiveCfg = Debug|Win32
		{3705B94D-FE24-413F-984F-76542D001A9D}.Debug|x86.Build.0 = Debug|Win32
		{3705B94D-FE24-413F-984F-76542D001A9D}.Release|x64.ActiveCfg = Release|x64
		{3705B94D-FE24-413F-984F-76542D001A9D}.Release|x64.Build.0 = Release|x64
		{3705B94D-FE24-413F-984F-76542D001A9D}.Release|x86.ActiveCfg = Release|Win32
		{3705B94D-FE24-413F-984F-76542D001A9D}.Release|x86.Build.0 = Release|Win32
		{AAD8E3A8-3ABF-495F-97A8-BD2B83C1F9A7}.Debug|x64.ActiveCfg = Debug|x64
		{AAD8E3A8-3ABF-495F-97A8-BD2B83C1F9A7}.Debug|x64.Build.0 = Debug|x64
		{AAD8E3A8-3ABF-495F-97A8-BD2B83C1F9A7}.Debug|x86.ActiveCfg = Debug|Win32
		{AAD8E3A8-3ABF-495F-97A8-BD2B83C1F9A7}.Debug|x86.Build.0 = Debug|Win32
		{AAD8E3A8-3ABF-495F-97A8-BD2B83C1F9A7}.Release|x64.ActiveCfg = Release|x64
		{AAD8E3A8-3ABF-495F-97A8-BD2B83C1F9A7}.Release|x64.Build.0 = Release|x64
		{AAD8E3A8-3ABF-495F-97A8-BD2B83C1F9A7}.Release|x86.ActiveCfg = Release|Win32
		{AAD8E3A8-3ABF-495F-97A8-BD2B83C1F9A7}.Release|x86.Build.0 = Release|Win32
		{74CD750C-BFED-468F-9612-DA150833A0A7}.Debug|x64.ActiveCfg = Debug|x64
		{74CD750C-BFED-468F-9612-DA150833A0A7}.Debug|x64.Build.0 = Debug|x64
		{74CD750C-BFED-468F-9612-DA150833A0A7}.Debug|x86.ActiveCfg = Debug|Win32
		{74CD750C-BFED-468F-9612-DA150833A0A7}.Debug|x86.Build.0 = Debug|Win32
		{74CD750C-BFED-468F-9612-DA150833A0A7}.Release|x64.ActiveCfg = Release|x64
		{74CD750C-BFED-468F-9612-DA150833A0A7}.Release|x64.Build.0 = Release|x64
		{74CD750C-BFED-468F-9612-DA150833A0A7}.Release|x86.ActiveCfg = Release|Win32
		{74CD750C-BFED-468F-9612-DA150833A0A7}.Release|x86.Build.0 = Release|Win32
		{943FED02-2AD6-412B-AD80-59485DC8ACC9}.Debug|x64.ActiveCfg = Debug|x64
		{943FED02-2AD6-412B-AD80-59485DC8ACC9}.Debug|x64.Build.0 = Debug|x64
		{943FED02-2AD6-412B-AD80-59485DC8ACC9}.Debug|x86.ActiveCfg = Debug|Win32
		{943FED02-2AD6-412B-AD80-59485DC8ACC9}.Debug|x86.Build.0 = Debug|Win32
		{943FED02-2AD6-412B-AD80-59485DC8ACC9}.Release|x64.ActiveCfg = Release|x64
		{943FED02-2AD6-412B-AD80-59485DC8ACC9}.Release|x64.Build.0 = Release|x64
		{943FED02-2AD6-412B-AD80-59485DC8ACC9}.Release|x86.ActiveCfg = Release|Win32
		{943FED02-2AD6-412B-AD80-59485DC8ACC9}.Release|x86.Build.0 = Release|Win32
		{19E4C5AC-E70B-4B65-9C37-A39211202EF7}.Debug|x64.ActiveCfg = Debug|x64
		{19E4C5AC-E70B-4B65-9C37-A39211202EF7}.Debug|x64.Build.0 = Debug|x64
		{19E4C5AC-E70B-4B65-9C37-A39211202EF7}.Debug|x86.ActiveCfg = Debug|Win32
		{19E4C5AC-E70B-4B65-9C37-A39211202EF7}.Debug|x86.Build.0 = Debug|Win32
		{19E4C5AC-E70B-4B65-9C37-A39211202EF7}.Release|x64.ActiveCfg = Release|x64
		{19E4C5AC-E70B-4B65-9C37-A39211202EF7}.Release|x64.Build.0 = Release|x64
		{19E4C5AC-E70B-4B65-9C37-A39211202EF7}.Release|x86.ActiveCfg = Release|Win32
		{19E4C5AC-E70B-4B65-9C37-A39211202EF7}.Release|x86.Build.0 = Release|Win32
		{F8AB8FCD-64E9-453C-8CD9-82A91FF820A3}.Debug|x64.ActiveCfg = Debug|x64
		{F8AB8FCD-64E9-453C-8CD9-82A91FF820A3}.Debug|x64.Build.0 = Debug|x64
		{F8AB8FCD-64E9-453C-8CD9-82A91FF820A3}.Debug|x86.ActiveCfg = Debug|Win32
		{F8AB8FCD-64E9-453C-8CD9-82A91FF820A3}.Debug|x86.Build.0 = Debug|Win32
		{F8AB8FCD-64E9-453C-8CD9-82A91FF820A3}.Release|x64.ActiveCfg = Release|x64
		{F8AB8FCD-64E9-453C-8CD9-82A91FF820A3}.Release|x64.Build.0 = Release|x64
		{F8AB8FCD-64E9-453C-8CD9-82A91FF820A3}.Release|x86.ActiveCfg = Release|Win32
		{F8AB8FCD-64E9-453C-8CD9-82A91FF820A3}.Release|x86.Build.0 = Release|Win32
		{2F55B04B-FB75-47C5-84C8-E276D82A133E}.Debug|x64.ActiveCfg = Debug|x64
		{2F55B04B-FB75-47C5-84C8-E276D82A133E}.Debug|x64.Build.0 = Debug|x64
		{2F55B04B-FB75-47C5-84C8-E276D82A133E}.Debug|x86.ActiveCfg = Debug|Win32
		{2F55B04B-FB75-47C5-84C8-E276D82A133E}.Debug|x86.Build.0 = Debug|Win32
		{2F55B04B-FB75-47C5-84C8-E276D82A133E}.Release|x64.ActiveCfg = Release|x64
		{2F55B04B-FB75-47C5-84C8-E276D82A133E}.Release|x64.Build.0 = Release|x64
		{2F55B04B-FB75-47C5-84C8-E276D82A133E}.Release|x86.ActiveCfg = Release|Win32
		{2F55B04B-FB75-47C5-84C8-E276D82A133E}.Release|x86.Build.0 = Release|Win32
		{8D673E01-28A4-4787-8E29-2F0D2CE1C96B}.Debug|x64.ActiveCfg = Debug|x64
		{8D673E01-28A4-4787-8E29-2F0D2CE1C96B}.Debug|x64.Build.0 = Debug|x64
		{8D673E01-28A4-4787-8E29-2F0D2CE1C96B}.Debug|x86.ActiveCfg = Debug|Win32
		{8D673E01-28A4-4787-8E29-2F0D2CE1C96B}.Debug|x86.Build.0 = Debug|Win32
		{8D673E01-28A4-4787-8E29-2F0D2CE1C96B}.Release|x64.ActiveCfg = Release|x64
		{8D673E01-28A4-4787-8E29-2F0D2CE1C96B}.Release|x64.Build.0 = Release|x64
		{8D673E01-28A4-4787-8E29-2F0D2CE1C96B}.Release|x86.ActiveCfg = Release|Win32
		{8D673E01-28A4-4787-8E29-2F0D2CE1C96B}.Release|x86.Build.0 = Release|Win32
		{C566646D-799E-4A59-B162-965A15CC284D}.Debug|x64.ActiveCfg = Debug|x64
		{C566646D-799E-4A59-B162-965A15CC284D}.Debug|x64.Build.0 = Debug|x64
		{C566646D-799E-4A59-B162-965A15CC284D}.Debug|x86.ActiveCfg = Debug|Win32
		{C566646D-799E-4A59-B162-965A15CC284D}.Debug|x86.Build.0 = Debug|Win32
		{C566646D-799E-4A59-B162-965A15CC284D}.Release|x64.ActiveCfg = Release|x64
		{C566646D-799E-4A59-B162-965A15CC284D}.Release|x64.Build.0 = Release|x64
		{C566646D-799E-4A59-B162-965A15CC284D}.Release|x86.ActiveCfg = Release|Win32
		{C566646D-799E-4A59-B162-965A15CC284D}.Release|x86.Build.0 = Release|Win32
		{F20E26FF-BCD1-4CA6-9D97-5A26A0EC4CA8}.Debug|x64.ActiveCfg = Debug|x64
		{F20E26FF-BCD1-4CA6-9D97-5A26A0EC4CA8}.Debug|x64.Build.0 = Debug|x64
		{F20E26FF-BCD1-4CA6-9D97-5A26A0EC4CA8}.Debug|x86.ActiveCfg = Debug|Win32
		{F20E26FF-BCD1-4CA6-9D97-5A26A0EC4CA8}.Debug|x86.Build.0 = Debug|Win32
		{F20E26FF-BCD1-4CA6-9D97-5A26A0EC4CA8}.Release|x64.ActiveCfg = Release|x64
		{F20E26FF-BCD1-4CA6-9D97-5A26A0EC4CA8}.Release|x64.Build.0 = Release|x64
		{F20E26FF-BCD1-4CA6-9D97-5A26A0EC4CA8}.Release|x86.ActiveCfg = Release|Win32
		{F20E26FF-BCD1-4CA6-9D97-5A26A0EC4CA8}.Release|x86.Build.0 = Release|Win32
		{BA287741-3501-4B31-98E8-96F9618303E8}.Debug|x64.ActiveCfg = Debug|x64
		{BA287741-3501-4B31-98E8-96F9618303E8}.Debug|x64.Build.0 = Debug|x64
		{BA287741-3501-4B31-98E8-96F9618303E8}.Debug|x86.ActiveCfg = Debug|Win32
		{BA287741-3501-4B31-98E8-96F9618303E8}.Debug|x86.Build.0 = Debug|Win32
		{BA287741-3501-4B31-98E8-96F9618303E8}.Release|x64.ActiveCfg = Release|x64
		{BA287741-3501-4B31-98E8-96F9618303E8}.Release|x64.Build.0 = Release|x64
		{BA287741-3501-4B31-98E8-96F9618303E8}.Release|x86.ActiveCfg = Release|Win32
		{BA287741-3501-4B31-98E8-96F9618303E8}.Release|x86.Build.0 = Release|Win32
		{E207C16F-50C3-4672-AB4A-F7DD416AED70}.Debug|x64.ActiveCfg = Debug|x64
		{E207C16F-50C3-4672-AB4A-F7DD416AED70}.Debug|x64.Build.0 = Debug|x64
		{E207C16F-50C3-4672-AB4A-F7DD416AED70}.Debug|x86.ActiveCfg = Debug|Win32
		{E207C16F-50C3-4672-AB4A-F7DD416AED70}.Debug|x86.Build.0 = Debug|Win32
		{E207C16F-50C3-4672-AB4A-F7DD416AED70}.Release|x64.ActiveCfg = Release|x64
		{E207C16F-50C3-4672-AB4A-F7DD416AED70}.Release|x64.Build.0 = Release|x64
		{E207C16F-50C3-4672-AB4A-F7DD416AED70}.Release|x86.ActiveCfg = Release|Win32
		{E207C16F-50C3-4672-AB4A-F7DD416AED70}.Release|x86.Build.0 = Release|Win32
		{F9A24228-C148-487B-A1AB-7E0699DE90EE}.Debug|x64.ActiveCfg = Debug|x64
		{F9A24228-C148-487B-A1AB-7E0699DE90EE}.Debug|x64.Build.0 = Debug|x64
		{F9A24228-C148-487B-A1AB-7E0699DE90EE}.Debug|x86.ActiveCfg = Debug|Win32
		{F9A24228-C148-487B-A1AB-7E0699DE90EE}.Debug|x86.Build.0 = Debug|Win32
		{F9A24228-C148-487B-A1AB-7E0699DE90EE}.Release|x64.ActiveCfg = Release|x64
		{F9A24228-C148-487B-A1AB-7E0699DE90EE}.Release|x64.Build.0 = Release|x64
		{F9A24228-C148-487B-A1AB-7E0699DE90EE}.Release|x86.ActiveCfg = Release|Win32
		{F9A24228-C148-487B-A1AB-7E0699DE90EE}.Release|x86.Build.0 = Release|Win32
		{791874AD-8686-4583-9CC4-31783E02E81E}.Debug|x64.ActiveCfg = Debug|x64
		{791874AD-8686-4583-9CC4-31783E02E81E}.Debug|x64.Build.0 = Debug|x64
		{791874AD-8686-4583-9CC4-31783E02E81E}.Debug|x86.ActiveCfg = Debug|Win32
		{791874AD-8686-4583-9CC4-31783E02E81E}.Debug|x86.Build.0 = Debug|Win32
		{791874AD-8686-4583-9CC4-31783E02E81E}.Release|x64.ActiveCfg = Release|x64
		{791874AD-8686-4583-9CC4-31783E02E81E}.Release|x64.Build.0 = Release|x64
		{791874AD-8686-4583-9CC4-31783E02E81E}.Release|x86.ActiveCfg = Release|Win32
		{791874AD-8686-4583-9CC4-31783E02E81E}.Release|x86.Build.0 = Release|Win32
		{14008230-953E-489E-BF32-4F96A141CFC2}.Debug|x64.ActiveCfg = Debug|x64
		{14008230-953E-489E-BF32-4F96A141CFC2}.Debug|x64.Build.0 = Debug|x64
		{14008230-953E-489E-BF32-4F96A141CFC2}.Debug|x86.ActiveCfg = Debug|Win32
		{14008230-953E-489E-BF32-4F96A141CFC2}.Debug|x86.Build.0 = Debug|Win32
		{14008230-953E-489E-BF32-4F96A141CFC2}.Release|x64.ActiveCfg = Release|x64
		{14008230-953E-489E-BF32-4F96A141CFC2}.Release|x64.Build.0 = Release|x64
		{14008230-953E-489E-BF32-4F96A141CFC2}.Release|x86.ActiveCfg = Release|Win32
		{14008230-953E-489E-BF32-4F96A141CFC2}.Release|x86.Build.0 = Release|Win32
		{6F580BF7-752C-4DD2-9DC4-23735AE9797B}.Debug|x64.ActiveCfg = Debug|x64
		{6F580BF7-752C-4DD2-9DC4-23735AE9797B}.Debug|x64.Build.0 = Debug|x64
		{6F580BF7-752C-4DD2-9DC4-23735AE9797B}.Debug|x86.ActiveCfg = Debug|Win32
		{6F580BF7-752C-4DD2-9DC4-23735AE9797B}.Debug|x86.Build.0 = Debug|Win32
		{6F580BF7-752C-4DD2-9DC4-23735AE9797B}.Release|x64.ActiveCfg = Release|x64
		{6F580BF7-752C-4DD2-9DC4-23735AE9797B}.Release|x64.Build.0 = Release|x64
		{6F580BF7-752C-4DD2-9DC4-23735AE9797B}.Release|x86.ActiveCfg = Release|Win32
		{6F580BF7-752C-4DD2-9DC4-23735AE9797B}.Release|x86.Build.0 = Release|Win32
		{7DF72310-B8CA-4BE1-8FB6-9D91830DC91E}.Debug|x64.ActiveCfg = Debug|x64
		{7DF72310-B8CA-4BE1-8FB6-9D91830DC91E}.Debug|x64.Build.0 = Debug|x64
		{7DF72310-B8CA-4BE1-8FB6-9D91830DC91E}.Debug|x86.ActiveCfg = Debug|Win32
		{7DF72310-B8CA-4BE1-8FB6-9D91830DC91E}.Debug|x86.Build.0 = Debug|Win32
		{7DF72310-B8CA-4BE1-8FB6-9D91830DC91E}.Release|x64.ActiveCfg = Release|x64
		{7DF72310-B8CA-4BE1-8FB6-9D91830DC91E}.Release|x64.Build.0 = Release|x64
		{7DF72310-B8CA-4BE1-8FB6-9D91830DC91E}.Release|x86.ActiveCfg = Release|Win32
		{7DF72310-B8CA-4BE1-8FB6-9D91830DC91E}.Release|x86.Build.0 = Release|Win32
		{27D2A014-FBC7-4945-8761-1C694F58E04D}.Debug|x64.ActiveCfg = Debug|x64
		{27D2A014-FBC7-4945-8761-1C694F58E04D}.Debug|x64.Build.0 = Debug|x64
		{27D2A014-FBC7-4945-8761-1C694F58E04D}.Debug|x86.ActiveCfg = Debug|Win32
		{27D2A014-FBC7-4945-8761-1C694F58E04D}.Debug|x86.Build.0 = Debug|Win32
		{27D2A014-FBC7-4945-8761-1C694F58E04D}.Release|x64.ActiveCfg = Release|x64
		{27D2A014-FBC7-4945-8761-1C694F58E04D}.Release|x64.Build.0 = Release|x64
		{27D2A014-FBC7-4945-8761-1C694F58E04D}.Release|x86.ActiveCfg = Release|Win32
		{27D2A014-FBC7-4945-8761-1C694F58E04D}.Release|x86.Build.0 = Release|Win32
		{5620950C-7675-43BC-B322-98CD4CD7F355}.Debug|x64.ActiveCfg = Debug|x64
		{5620950C-7675-43BC-B322-98CD4CD7F355}.Debug|x64.Build.0 = Debug|x64
		{5620950C-7675-43BC-B322-98CD4CD7F355}.Debug|x86.ActiveCfg = Debug|Win32
		{5620950C-7675-43BC-B322-98CD4CD7F355}.Debug|x86.Build.0 = Debug|Win32
		{5620950C-7675-43BC-B322-98CD4CD7F355}.Release|x64.ActiveCfg = Release|x64
		{5620950C-7675-43BC-B322-98CD4CD7F355}.Release|x64.Build.0 = Release|x64
		{5620950C-7675-43BC-B322-98CD4CD7F355}.Release|x86.ActiveCfg = Release|Win32
		{5620950C-7675-43BC-B322-98CD4CD7F355}.Release|x86.Build.0 = Release|Win32
		{BDA6317F-7449-4A00-BFF9-BA1205678CA3}.Debug|x64.ActiveCfg = Debug|x64
		{BDA6317F-7449-4A00-BFF9-BA1205678CA3}.Debug|x64.Build.0 = Debug|x64
		{BDA6317F-7449-4A00-BFF9-BA1205678CA3}.Debug|x86.ActiveCfg = Debug|Win32
		{BDA6317F-7449-4A00-BFF9-BA1205678CA3}.Debug|x86.Build.0 = Debug|Win32
		{BDA6317F-7449-4A00-BFF9-BA1205678CA3}.Release|x64.ActiveCfg = Release|x64
		{BDA6317F-7449-4A00-BFF9-BA1205678CA3}.Release|x64.Build.0 = Release|x64
		{BDA6317F-7449-4A00-BFF9-BA1205678CA3}.Release|x86.ActiveCfg = Release|Win32
		{BDA6317F-7449-4A00-BFF9-BA1205678CA3}.Release|x86.Build.0 = Release|Win32
		{EC54CCBF-A767-4D29-BD1D-39CB1185695F}.Debug|x64.ActiveCfg = Debug|x64
		{EC54CCBF-A767-4D29-BD1D-39CB1185695F}.Debug|x64.Build.0 = Debug|x64
		{EC54CCBF-A767-4D29-BD1D-39CB1185695F}.Debug|x86.ActiveCfg = Debug|Win32
		{EC54CCBF-A767-4D29-BD1D-39CB1185695F}.Debug|x86.Build.0 = Debug|Win32
		{EC54CCBF-A767-4D29-BD1D-39CB1185695F}.Release|x64.ActiveCfg = Release|x64
		{EC54CCBF-A767-4D29-BD1D-39CB1185695F}.Release|x64.Build.0 = Release|x64
		{EC54CCBF-A767-4D29-BD1D-39CB1185695F}.Release|x86.ActiveCfg = Release|Win32
		{EC54CCBF-A767-4D29-BD1D-39CB1185695F}.Release|x86.Build.0 = Release|Win32
		{C6D2A611-EF97-46D4-9ACD-FEE4F05D4C65}.Debug|x64.ActiveCfg = Debug|x64
		{C6D2A611-EF97-46D4-9ACD-FEE4F05D4C65}.Debug|x64.Build.0 = Debug|x64
		{C6D2A611-EF97-46D4-9ACD-FEE4F05D4C65}.Debug|x86.ActiveCfg = Debug|Win32
		{C6D2A611-EF97-46D4-9ACD-FEE4F05D4C65}.Debug|x86.Build.0 = Debug|Win32
		{C6D2A611-EF97-46D4-9ACD-FEE4F05D4C65}.Release|x64.ActiveCfg = Release|x64
		{C6D2A611-EF97-46D4-9ACD-FEE4F05D4C65}.Release|x64.Build.0 = Release|x64
		{C6D2A611-EF97-46D4-9ACD-FEE4F05D4C65}.Release|x86.ActiveCfg = Release|Win32
		{C6D2A611-EF97-46D4-9ACD-FEE4F05D4C65}.Release|x86.Build.0 = Release|Win32
		{EC41997E-FF20-44FE-AFEC-2D26F8CA6D6A}.Debug|x64.ActiveCfg = Debug|x64
		{EC41997E-FF20-44FE-AFEC-2D26F8CA6D6A}.Debug|x64.Build.0 = Debug|x64
		{EC41997E-FF20-44FE-AFEC-2D26F8CA6D6A}.Debug|x86.ActiveCfg = Debug|Win32
		{EC41997E-FF20-44FE-AFEC-2D26F8CA6D6A}.Debug|x86.Build.0 = Debug|Win32
		{EC41997E-FF20-44FE-AFEC-2D26F8CA6D6A}.Release|x64.ActiveCfg = Release|x64
		{EC41997E-FF20-44FE-AFEC-2D26F8CA6D6A}.Release|x64.Build.0 = Release|x64
		{EC41997E-FF20-44FE-AFEC-2D26F8CA6D6A}.Release|x86.ActiveCfg = Release|Win32
		{EC41997E-FF20-44FE-AFEC-2D26F8CA6D6A}.Release|x86.Build.0 = Release|Win32
		{A44A7A56-F57C-408F-894D-27B091059149}.Debug|x64.ActiveCfg = Debug|x64
		{A44A7A56-F57C-408F-894D-27B091059149}.Debug|x64.Build.0 = Debug|x64
		{A44A7A56-F57C-408F-894D-27B091059149}.Debug|x86.ActiveCfg = Debug|Win32
		{A44A7A56-F57C-408F-894D-27B091059149}.Debug|x86.Build.0 = Debug|Win32
		{A44A7A56-F57C-408F-894D-27B091059149}.Release|x64.ActiveCfg = Release|x64
		{A44A7A56-F57C-408F-894D-27B091059149}.Release|x64.Build.0 = Release|x64
		{A44A7A56-F57C-408F-894D-27B091059149}.Release|x86.ActiveCfg = Release|Win32
		{A44A7A56-F57C-408F-894D-27B091059149}.Release|x86.Build.0 = Release|Win32
		{ABDF411F-8D3B-46B6-99F4-E192D0A09429}.Debug|x64.ActiveCfg = Debug|x64
		{ABDF411F-8D3B-46B6-99F4-E192D0A09429}.Debug|x64.Build.0 = Debug|x64
		{ABDF411F-8D3B-46B6-99F4-E192D0A09429}.Debug|x86.ActiveCfg = Debug|Win32
		{ABDF411F-8D3B-46B6-99F4-E192D0A09429}.Debug|x86.Build.0 = Debug|Win32
		{ABDF411F-8D3B-46B6-99F4-E192D0A09429}.Release|x64.ActiveCfg = Release|x64
		{ABDF411F-8D3B-46B6-99F4-E192D0A09429}.Release|x64.Build.0 = Release|x64
		{ABDF411F-8D3B-46B6-99F4-E192D0A09429}.Release|x86.ActiveCfg = Release|Win32
		{ABDF411F-8D3B-46B6-99F4-E192D0A09429}.Release|x86.Build.0 = Release|Win32
		{E0F46AFE-3388-43F0-B80A-BF922BA72667}.Debug|x64.ActiveCfg = Debug|x64
		{E0F46AFE-3388-43F0-B80A-BF922BA72667}.Debug|x64.Build.0 = Debug|x64
		{E0F46AFE-3388-43F0-B80A-BF922BA72667}.Debug|x86.ActiveCfg = Debug|Win32
		{E0F46AFE-3388-43F0-B80A-BF922BA72667}.Debug|x86.Build.0 = Debug|Win32
		{E0F46AFE-3388-43F0-B80A-BF922BA72667}.Release|x64.ActiveCfg = Release|x64
		{E0F46AFE-3388-43F0-B80A-BF922BA72667}.Release|x64.Build.0 = Release|x64
		{E0F46AFE-3388-43F0-B80A-BF922BA72667}.Release|x86.ActiveCfg = Release|Win32
		{E0F46AFE-3388-43F0-B80A-BF922BA72667}.Release|x86.Build.0 = Release|Win32
		{F74E6650-EBFE-43BF-87D5-84C5F7C18327}.Debug|x64.ActiveCfg = Debug|x64
		{F74E6650-EBFE-43BF-87D5-84C5F7C18327}.Debug|x64.Build.0 = Debug|x64
		{F74E6650-EBFE-43BF-87D5-84C5F7C18327}.Debug|x86.ActiveCfg = Debug|Win32
		{F74E6650-EBFE-43BF-87D5-84C5F7C18327}.Debug|x86.Build.0 = Debug|Win32
		{F74E6650-EBFE-43BF-87D5-84C5F7C18327}.Release|x64.ActiveCfg = Release|x64
		{F74E6650-EBFE-43BF-87D5-84C5F7C18327}.Release|x64.Build.0 = Release|x64
		{F74E6650-EBFE-43BF-87D5-84C5F7C18327}.Release|x86.ActiveCfg = Release|Win32
		{F74E6650-EBFE-43BF-87D5-84C5F7C18327}.Release|x86.Build.0 = Release|Win32
		{441ED18F-8F7F-483F-AC8C-22374F2CA910}.Debug|x64.ActiveCfg = Debug|x64
		{441ED18F-8F7F-483F-AC8C-22374F2CA910}.Debug|x64.Build.0 = Debug|x64
		{441ED18F-8F7F-483F-AC8C-22374F2CA910}.Debug|x86.ActiveCfg = Debug|Win32
		{441ED18F-8F7F-483F-AC8C-22374F2CA910}.Debug|x86.Build.0 = Debug|Win32
		{441ED18F-8F7F-483F-AC8C-22374F2CA910}.Release|x64.ActiveCfg = Release|x64
		{441ED18F-8F7F-483F-AC8C-22374F2CA910}.Release|x64.Build.0 = Release|x64
		{441ED18F-8F7F-483F-AC8C-22374F2CA910}.Release|x86.ActiveCfg = Release|Win32
		{441ED18F-8F7F-483F-AC8C-22374F2CA910}.Release|x86.Build.0 = Release|Win32
		{7AAB0B98-BDB1-4539-9D73-B2E28D29106E}.Debug|x64.ActiveCfg = Debug|x64
		{7AAB0B98-BDB1-4539-9D73-B2E28D29106E}.Debug|x64.Build.0 = Debug|x64
		{7AAB0B98-BDB1-4539-9D73-B2E28D29106E}.Debug|x86.ActiveCfg = Debug|Win32
		{7AAB0B98-BDB1-4539-9D73-B2E28D29106E}.Debug|x86.Build.0 = Debug|Win32
		{7AAB0B98-BDB1-4539-9D73-B2E28D29106E}.Release|x64.ActiveCfg = Release|x64
		{7AAB0B98-BDB1-4539-9D73-B2E28D29106E}.Release|x64.Build.0 = Release|x64
		{7AAB0B98-BDB1-4539-9D73-B2E28D29106E}.Release|x86.ActiveCfg = Release|Win32
		{7AAB0B98-BDB1-4539-9D73-B2E28D29106E}.Release|x86.Build.0 = Release|Win32
		{2963D1EE-9408-425D-8265-5EBED3D0FDE2}.Debug|x64.ActiveCfg = Debug|x64
		{2963D1EE-9408-425D-8265-5EBED3D0FDE2}.Debug|x64.Build.0 = Debug|x64
		{2963D1EE-9408-425D-8265-5EBED3D0FDE2}.Debug|x86.ActiveCfg = Debug|Win32
		{2963D1EE-9408-425D-8265-5EBED3D0FDE2}.Debug|x86.Build.0 = Debug|Win32
		{2963D1EE-9408-425D-8265-5EBED3D0FDE2}.Release|x64.ActiveCfg = Release|x64
		{2963D1EE-9408-425D-8265-5EBED3D0FDE2}.Release|x64.Build.0 = Release|x64
		{2963D1EE-9408-425D-8265-5EBED3D0FDE2}.Release|x86.ActiveCfg = Release|Win32
		{2963D1EE-9408-425D-8265-5EBED3D0FDE2}.Release|x86.Build.0 = Release|Win32
		{6FCB2935-9313-410D-8CDF-213DF7A9C321}.Debug|x64.ActiveCfg = Debug|x64
		{6FCB2935-9313-410D-8CDF-213DF7A9C321}.Debug|x64.Build.0 = Debug|x64
		{6FCB2935-9313-410D-8CDF-213DF7A9C321}.Debug|x86.ActiveCfg = Debug|Win32
		{6FCB2935-9313-410D-8CDF-213DF7A9C321}.Debug|x86.Build.0 = Debug|Win32
		{6FCB2935-9313-410D-8CDF-213DF7A9C321}.Release|x64.ActiveCfg = Release|x64
		{6FCB2935-9313-410D-8CDF-213DF7A9C321}.Release|x64.Build.0 = Release|x64
		{6FCB2935-9313-410D-8CDF-213DF7A9C321}.Release|x86.ActiveCfg = Release|Win32
		{6FCB2935-9313-410D-8CDF-213DF7A9C321}.Release|x86.Build.0 = Release|Win32
	EndGlobalSection
	GlobalSection(SolutionProperties) = preSolution
		HideSolutionNode = FALSE
	EndGlobalSection
EndGlobal
